
Microsoft Visual Studio Solution File, Format Version 12.00
# Visual Studio 15
VisualStudioVersion = 15.0.28010.2016
MinimumVisualStudioVersion = 10.0.40219.1
Project("{FAE04EC0-301F-11D3-BF4B-00C04F79EFBC}") = "sblm.Android", "sblm\sblm.Android\sblm.Android.csproj", "{FA0920C7-2E51-4B67-B142-57667B2F3E96}"
EndProject
Project("{FAE04EC0-301F-11D3-BF4B-00C04F79EFBC}") = "sblm.iOS", "sblm\sblm.iOS\sblm.iOS.csproj", "{2B652EA2-4C41-46CF-8830-E53CD0A2E9AE}"
EndProject
Project("{FAE04EC0-301F-11D3-BF4B-00C04F79EFBC}") = "sblm.UWP", "sblm\sblm.UWP\sblm.UWP.csproj", "{3500042E-50D9-4EDC-AA4A-F809957A7108}"
EndProject
Project("{9A19103F-16F7-4668-BE54-9A1E7A4F7556}") = "sblm", "sblm\sblm\sblm.csproj", "{733A9D65-1F81-4F57-A6FE-D3C2C46768D1}"
EndProject
Project("{FAE04EC0-301F-11D3-BF4B-00C04F79EFBC}") = "sblm.Backend", "sblm.Backend\sblm.Backend.csproj", "{BB7B1C0E-C53B-4767-B780-89BEECC27E7D}"
EndProject
Project("{FAE04EC0-301F-11D3-BF4B-00C04F79EFBC}") = "sblm.API", "sblm.API\sblm.API.csproj", "{1749442C-2444-45F5-8D1F-B1F41E20EED5}"
EndProject
Project("{FAE04EC0-301F-11D3-BF4B-00C04F79EFBC}") = "sblm.Domain", "sblm.Domain\sblm.Domain.csproj", "{26221EC0-3BE6-450E-ABE7-A814F131D8FD}"
EndProject
Project("{FAE04EC0-301F-11D3-BF4B-00C04F79EFBC}") = "sblm.Common", "sblm.Common\sblm.Common.csproj", "{1519D7FD-1D62-4962-8D10-FBF55A12D262}"
EndProject
Global
	GlobalSection(SolutionConfigurationPlatforms) = preSolution
		Ad-Hoc|Any CPU = Ad-Hoc|Any CPU
		Ad-Hoc|ARM = Ad-Hoc|ARM
		Ad-Hoc|iPhone = Ad-Hoc|iPhone
		Ad-Hoc|iPhoneSimulator = Ad-Hoc|iPhoneSimulator
		Ad-Hoc|x64 = Ad-Hoc|x64
		Ad-Hoc|x86 = Ad-Hoc|x86
		AppStore|Any CPU = AppStore|Any CPU
		AppStore|ARM = AppStore|ARM
		AppStore|iPhone = AppStore|iPhone
		AppStore|iPhoneSimulator = AppStore|iPhoneSimulator
		AppStore|x64 = AppStore|x64
		AppStore|x86 = AppStore|x86
		Debug|Any CPU = Debug|Any CPU
		Debug|ARM = Debug|ARM
		Debug|iPhone = Debug|iPhone
		Debug|iPhoneSimulator = Debug|iPhoneSimulator
		Debug|x64 = Debug|x64
		Debug|x86 = Debug|x86
		Release|Any CPU = Release|Any CPU
		Release|ARM = Release|ARM
		Release|iPhone = Release|iPhone
		Release|iPhoneSimulator = Release|iPhoneSimulator
		Release|x64 = Release|x64
		Release|x86 = Release|x86
	EndGlobalSection
	GlobalSection(ProjectConfigurationPlatforms) = postSolution
		{FA0920C7-2E51-4B67-B142-57667B2F3E96}.Ad-Hoc|Any CPU.ActiveCfg = Release|Any CPU
		{FA0920C7-2E51-4B67-B142-57667B2F3E96}.Ad-Hoc|Any CPU.Build.0 = Release|Any CPU
		{FA0920C7-2E51-4B67-B142-57667B2F3E96}.Ad-Hoc|Any CPU.Deploy.0 = Release|Any CPU
		{FA0920C7-2E51-4B67-B142-57667B2F3E96}.Ad-Hoc|ARM.ActiveCfg = Release|Any CPU
		{FA0920C7-2E51-4B67-B142-57667B2F3E96}.Ad-Hoc|ARM.Build.0 = Release|Any CPU
		{FA0920C7-2E51-4B67-B142-57667B2F3E96}.Ad-Hoc|ARM.Deploy.0 = Release|Any CPU
		{FA0920C7-2E51-4B67-B142-57667B2F3E96}.Ad-Hoc|iPhone.ActiveCfg = Release|Any CPU
		{FA0920C7-2E51-4B67-B142-57667B2F3E96}.Ad-Hoc|iPhone.Build.0 = Release|Any CPU
		{FA0920C7-2E51-4B67-B142-57667B2F3E96}.Ad-Hoc|iPhone.Deploy.0 = Release|Any CPU
		{FA0920C7-2E51-4B67-B142-57667B2F3E96}.Ad-Hoc|iPhoneSimulator.ActiveCfg = Release|Any CPU
		{FA0920C7-2E51-4B67-B142-57667B2F3E96}.Ad-Hoc|iPhoneSimulator.Build.0 = Release|Any CPU
		{FA0920C7-2E51-4B67-B142-57667B2F3E96}.Ad-Hoc|iPhoneSimulator.Deploy.0 = Release|Any CPU
		{FA0920C7-2E51-4B67-B142-57667B2F3E96}.Ad-Hoc|x64.ActiveCfg = Release|Any CPU
		{FA0920C7-2E51-4B67-B142-57667B2F3E96}.Ad-Hoc|x64.Build.0 = Release|Any CPU
		{FA0920C7-2E51-4B67-B142-57667B2F3E96}.Ad-Hoc|x64.Deploy.0 = Release|Any CPU
		{FA0920C7-2E51-4B67-B142-57667B2F3E96}.Ad-Hoc|x86.ActiveCfg = Release|Any CPU
		{FA0920C7-2E51-4B67-B142-57667B2F3E96}.Ad-Hoc|x86.Build.0 = Release|Any CPU
		{FA0920C7-2E51-4B67-B142-57667B2F3E96}.Ad-Hoc|x86.Deploy.0 = Release|Any CPU
		{FA0920C7-2E51-4B67-B142-57667B2F3E96}.AppStore|Any CPU.ActiveCfg = Release|Any CPU
		{FA0920C7-2E51-4B67-B142-57667B2F3E96}.AppStore|Any CPU.Build.0 = Release|Any CPU
		{FA0920C7-2E51-4B67-B142-57667B2F3E96}.AppStore|Any CPU.Deploy.0 = Release|Any CPU
		{FA0920C7-2E51-4B67-B142-57667B2F3E96}.AppStore|ARM.ActiveCfg = Release|Any CPU
		{FA0920C7-2E51-4B67-B142-57667B2F3E96}.AppStore|ARM.Build.0 = Release|Any CPU
		{FA0920C7-2E51-4B67-B142-57667B2F3E96}.AppStore|ARM.Deploy.0 = Release|Any CPU
		{FA0920C7-2E51-4B67-B142-57667B2F3E96}.AppStore|iPhone.ActiveCfg = Release|Any CPU
		{FA0920C7-2E51-4B67-B142-57667B2F3E96}.AppStore|iPhone.Build.0 = Release|Any CPU
		{FA0920C7-2E51-4B67-B142-57667B2F3E96}.AppStore|iPhone.Deploy.0 = Release|Any CPU
		{FA0920C7-2E51-4B67-B142-57667B2F3E96}.AppStore|iPhoneSimulator.ActiveCfg = Release|Any CPU
		{FA0920C7-2E51-4B67-B142-57667B2F3E96}.AppStore|iPhoneSimulator.Build.0 = Release|Any CPU
		{FA0920C7-2E51-4B67-B142-57667B2F3E96}.AppStore|iPhoneSimulator.Deploy.0 = Release|Any CPU
		{FA0920C7-2E51-4B67-B142-57667B2F3E96}.AppStore|x64.ActiveCfg = Release|Any CPU
		{FA0920C7-2E51-4B67-B142-57667B2F3E96}.AppStore|x64.Build.0 = Release|Any CPU
		{FA0920C7-2E51-4B67-B142-57667B2F3E96}.AppStore|x64.Deploy.0 = Release|Any CPU
		{FA0920C7-2E51-4B67-B142-57667B2F3E96}.AppStore|x86.ActiveCfg = Release|Any CPU
		{FA0920C7-2E51-4B67-B142-57667B2F3E96}.AppStore|x86.Build.0 = Release|Any CPU
		{FA0920C7-2E51-4B67-B142-57667B2F3E96}.AppStore|x86.Deploy.0 = Release|Any CPU
		{FA0920C7-2E51-4B67-B142-57667B2F3E96}.Debug|Any CPU.ActiveCfg = Debug|Any CPU
		{FA0920C7-2E51-4B67-B142-57667B2F3E96}.Debug|Any CPU.Build.0 = Debug|Any CPU
		{FA0920C7-2E51-4B67-B142-57667B2F3E96}.Debug|Any CPU.Deploy.0 = Debug|Any CPU
		{FA0920C7-2E51-4B67-B142-57667B2F3E96}.Debug|ARM.ActiveCfg = Debug|Any CPU
		{FA0920C7-2E51-4B67-B142-57667B2F3E96}.Debug|ARM.Build.0 = Debug|Any CPU
		{FA0920C7-2E51-4B67-B142-57667B2F3E96}.Debug|ARM.Deploy.0 = Debug|Any CPU
		{FA0920C7-2E51-4B67-B142-57667B2F3E96}.Debug|iPhone.ActiveCfg = Debug|Any CPU
		{FA0920C7-2E51-4B67-B142-57667B2F3E96}.Debug|iPhone.Build.0 = Debug|Any CPU
		{FA0920C7-2E51-4B67-B142-57667B2F3E96}.Debug|iPhone.Deploy.0 = Debug|Any CPU
		{FA0920C7-2E51-4B67-B142-57667B2F3E96}.Debug|iPhoneSimulator.ActiveCfg = Debug|Any CPU
		{FA0920C7-2E51-4B67-B142-57667B2F3E96}.Debug|iPhoneSimulator.Build.0 = Debug|Any CPU
		{FA0920C7-2E51-4B67-B142-57667B2F3E96}.Debug|iPhoneSimulator.Deploy.0 = Debug|Any CPU
		{FA0920C7-2E51-4B67-B142-57667B2F3E96}.Debug|x64.ActiveCfg = Debug|Any CPU
		{FA0920C7-2E51-4B67-B142-57667B2F3E96}.Debug|x64.Build.0 = Debug|Any CPU
		{FA0920C7-2E51-4B67-B142-57667B2F3E96}.Debug|x64.Deploy.0 = Debug|Any CPU
		{FA0920C7-2E51-4B67-B142-57667B2F3E96}.Debug|x86.ActiveCfg = Debug|Any CPU
		{FA0920C7-2E51-4B67-B142-57667B2F3E96}.Debug|x86.Build.0 = Debug|Any CPU
		{FA0920C7-2E51-4B67-B142-57667B2F3E96}.Debug|x86.Deploy.0 = Debug|Any CPU
		{FA0920C7-2E51-4B67-B142-57667B2F3E96}.Release|Any CPU.ActiveCfg = Release|Any CPU
		{FA0920C7-2E51-4B67-B142-57667B2F3E96}.Release|Any CPU.Build.0 = Release|Any CPU
		{FA0920C7-2E51-4B67-B142-57667B2F3E96}.Release|Any CPU.Deploy.0 = Release|Any CPU
		{FA0920C7-2E51-4B67-B142-57667B2F3E96}.Release|ARM.ActiveCfg = Release|Any CPU
		{FA0920C7-2E51-4B67-B142-57667B2F3E96}.Release|ARM.Build.0 = Release|Any CPU
		{FA0920C7-2E51-4B67-B142-57667B2F3E96}.Release|ARM.Deploy.0 = Release|Any CPU
		{FA0920C7-2E51-4B67-B142-57667B2F3E96}.Release|iPhone.ActiveCfg = Release|Any CPU
		{FA0920C7-2E51-4B67-B142-57667B2F3E96}.Release|iPhone.Build.0 = Release|Any CPU
		{FA0920C7-2E51-4B67-B142-57667B2F3E96}.Release|iPhone.Deploy.0 = Release|Any CPU
		{FA0920C7-2E51-4B67-B142-57667B2F3E96}.Release|iPhoneSimulator.ActiveCfg = Release|Any CPU
		{FA0920C7-2E51-4B67-B142-57667B2F3E96}.Release|iPhoneSimulator.Build.0 = Release|Any CPU
		{FA0920C7-2E51-4B67-B142-57667B2F3E96}.Release|iPhoneSimulator.Deploy.0 = Release|Any CPU
		{FA0920C7-2E51-4B67-B142-57667B2F3E96}.Release|x64.ActiveCfg = Release|Any CPU
		{FA0920C7-2E51-4B67-B142-57667B2F3E96}.Release|x64.Build.0 = Release|Any CPU
		{FA0920C7-2E51-4B67-B142-57667B2F3E96}.Release|x64.Deploy.0 = Release|Any CPU
		{FA0920C7-2E51-4B67-B142-57667B2F3E96}.Release|x86.ActiveCfg = Release|Any CPU
		{FA0920C7-2E51-4B67-B142-57667B2F3E96}.Release|x86.Build.0 = Release|Any CPU
		{FA0920C7-2E51-4B67-B142-57667B2F3E96}.Release|x86.Deploy.0 = Release|Any CPU
		{2B652EA2-4C41-46CF-8830-E53CD0A2E9AE}.Ad-Hoc|Any CPU.ActiveCfg = Ad-Hoc|iPhone
		{2B652EA2-4C41-46CF-8830-E53CD0A2E9AE}.Ad-Hoc|Any CPU.Build.0 = Ad-Hoc|iPhone
		{2B652EA2-4C41-46CF-8830-E53CD0A2E9AE}.Ad-Hoc|Any CPU.Deploy.0 = Ad-Hoc|iPhone
		{2B652EA2-4C41-46CF-8830-E53CD0A2E9AE}.Ad-Hoc|ARM.ActiveCfg = Ad-Hoc|iPhone
		{2B652EA2-4C41-46CF-8830-E53CD0A2E9AE}.Ad-Hoc|ARM.Build.0 = Ad-Hoc|iPhone
		{2B652EA2-4C41-46CF-8830-E53CD0A2E9AE}.Ad-Hoc|ARM.Deploy.0 = Ad-Hoc|iPhone
		{2B652EA2-4C41-46CF-8830-E53CD0A2E9AE}.Ad-Hoc|iPhone.ActiveCfg = Ad-Hoc|iPhone
		{2B652EA2-4C41-46CF-8830-E53CD0A2E9AE}.Ad-Hoc|iPhone.Build.0 = Ad-Hoc|iPhone
		{2B652EA2-4C41-46CF-8830-E53CD0A2E9AE}.Ad-Hoc|iPhone.Deploy.0 = Ad-Hoc|iPhone
		{2B652EA2-4C41-46CF-8830-E53CD0A2E9AE}.Ad-Hoc|iPhoneSimulator.ActiveCfg = Ad-Hoc|iPhoneSimulator
		{2B652EA2-4C41-46CF-8830-E53CD0A2E9AE}.Ad-Hoc|iPhoneSimulator.Build.0 = Ad-Hoc|iPhoneSimulator
		{2B652EA2-4C41-46CF-8830-E53CD0A2E9AE}.Ad-Hoc|iPhoneSimulator.Deploy.0 = Ad-Hoc|iPhoneSimulator
		{2B652EA2-4C41-46CF-8830-E53CD0A2E9AE}.Ad-Hoc|x64.ActiveCfg = Ad-Hoc|iPhone
		{2B652EA2-4C41-46CF-8830-E53CD0A2E9AE}.Ad-Hoc|x64.Build.0 = Ad-Hoc|iPhone
		{2B652EA2-4C41-46CF-8830-E53CD0A2E9AE}.Ad-Hoc|x64.Deploy.0 = Ad-Hoc|iPhone
		{2B652EA2-4C41-46CF-8830-E53CD0A2E9AE}.Ad-Hoc|x86.ActiveCfg = Ad-Hoc|iPhone
		{2B652EA2-4C41-46CF-8830-E53CD0A2E9AE}.Ad-Hoc|x86.Build.0 = Ad-Hoc|iPhone
		{2B652EA2-4C41-46CF-8830-E53CD0A2E9AE}.Ad-Hoc|x86.Deploy.0 = Ad-Hoc|iPhone
		{2B652EA2-4C41-46CF-8830-E53CD0A2E9AE}.AppStore|Any CPU.ActiveCfg = AppStore|iPhone
		{2B652EA2-4C41-46CF-8830-E53CD0A2E9AE}.AppStore|Any CPU.Build.0 = AppStore|iPhone
		{2B652EA2-4C41-46CF-8830-E53CD0A2E9AE}.AppStore|Any CPU.Deploy.0 = AppStore|iPhone
		{2B652EA2-4C41-46CF-8830-E53CD0A2E9AE}.AppStore|ARM.ActiveCfg = AppStore|iPhone
		{2B652EA2-4C41-46CF-8830-E53CD0A2E9AE}.AppStore|ARM.Build.0 = AppStore|iPhone
		{2B652EA2-4C41-46CF-8830-E53CD0A2E9AE}.AppStore|ARM.Deploy.0 = AppStore|iPhone
		{2B652EA2-4C41-46CF-8830-E53CD0A2E9AE}.AppStore|iPhone.ActiveCfg = AppStore|iPhone
		{2B652EA2-4C41-46CF-8830-E53CD0A2E9AE}.AppStore|iPhone.Build.0 = AppStore|iPhone
		{2B652EA2-4C41-46CF-8830-E53CD0A2E9AE}.AppStore|iPhone.Deploy.0 = AppStore|iPhone
		{2B652EA2-4C41-46CF-8830-E53CD0A2E9AE}.AppStore|iPhoneSimulator.ActiveCfg = AppStore|iPhoneSimulator
		{2B652EA2-4C41-46CF-8830-E53CD0A2E9AE}.AppStore|iPhoneSimulator.Build.0 = AppStore|iPhoneSimulator
		{2B652EA2-4C41-46CF-8830-E53CD0A2E9AE}.AppStore|iPhoneSimulator.Deploy.0 = AppStore|iPhoneSimulator
		{2B652EA2-4C41-46CF-8830-E53CD0A2E9AE}.AppStore|x64.ActiveCfg = AppStore|iPhone
		{2B652EA2-4C41-46CF-8830-E53CD0A2E9AE}.AppStore|x64.Build.0 = AppStore|iPhone
		{2B652EA2-4C41-46CF-8830-E53CD0A2E9AE}.AppStore|x64.Deploy.0 = AppStore|iPhone
		{2B652EA2-4C41-46CF-8830-E53CD0A2E9AE}.AppStore|x86.ActiveCfg = AppStore|iPhone
		{2B652EA2-4C41-46CF-8830-E53CD0A2E9AE}.AppStore|x86.Build.0 = AppStore|iPhone
		{2B652EA2-4C41-46CF-8830-E53CD0A2E9AE}.AppStore|x86.Deploy.0 = AppStore|iPhone
		{2B652EA2-4C41-46CF-8830-E53CD0A2E9AE}.Debug|Any CPU.ActiveCfg = Debug|iPhoneSimulator
		{2B652EA2-4C41-46CF-8830-E53CD0A2E9AE}.Debug|Any CPU.Build.0 = Debug|iPhoneSimulator
		{2B652EA2-4C41-46CF-8830-E53CD0A2E9AE}.Debug|Any CPU.Deploy.0 = Debug|iPhoneSimulator
		{2B652EA2-4C41-46CF-8830-E53CD0A2E9AE}.Debug|ARM.ActiveCfg = Debug|iPhone
		{2B652EA2-4C41-46CF-8830-E53CD0A2E9AE}.Debug|ARM.Build.0 = Debug|iPhone
		{2B652EA2-4C41-46CF-8830-E53CD0A2E9AE}.Debug|ARM.Deploy.0 = Debug|iPhone
		{2B652EA2-4C41-46CF-8830-E53CD0A2E9AE}.Debug|iPhone.ActiveCfg = Debug|iPhone
		{2B652EA2-4C41-46CF-8830-E53CD0A2E9AE}.Debug|iPhone.Build.0 = Debug|iPhone
		{2B652EA2-4C41-46CF-8830-E53CD0A2E9AE}.Debug|iPhone.Deploy.0 = Debug|iPhone
		{2B652EA2-4C41-46CF-8830-E53CD0A2E9AE}.Debug|iPhoneSimulator.ActiveCfg = Debug|iPhoneSimulator
		{2B652EA2-4C41-46CF-8830-E53CD0A2E9AE}.Debug|iPhoneSimulator.Build.0 = Debug|iPhoneSimulator
		{2B652EA2-4C41-46CF-8830-E53CD0A2E9AE}.Debug|iPhoneSimulator.Deploy.0 = Debug|iPhoneSimulator
		{2B652EA2-4C41-46CF-8830-E53CD0A2E9AE}.Debug|x64.ActiveCfg = Debug|iPhone
		{2B652EA2-4C41-46CF-8830-E53CD0A2E9AE}.Debug|x64.Build.0 = Debug|iPhone
		{2B652EA2-4C41-46CF-8830-E53CD0A2E9AE}.Debug|x64.Deploy.0 = Debug|iPhone
		{2B652EA2-4C41-46CF-8830-E53CD0A2E9AE}.Debug|x86.ActiveCfg = Debug|iPhone
		{2B652EA2-4C41-46CF-8830-E53CD0A2E9AE}.Debug|x86.Build.0 = Debug|iPhone
		{2B652EA2-4C41-46CF-8830-E53CD0A2E9AE}.Debug|x86.Deploy.0 = Debug|iPhone
		{2B652EA2-4C41-46CF-8830-E53CD0A2E9AE}.Release|Any CPU.ActiveCfg = Release|iPhone
		{2B652EA2-4C41-46CF-8830-E53CD0A2E9AE}.Release|Any CPU.Build.0 = Release|iPhone
		{2B652EA2-4C41-46CF-8830-E53CD0A2E9AE}.Release|Any CPU.Deploy.0 = Release|iPhone
		{2B652EA2-4C41-46CF-8830-E53CD0A2E9AE}.Release|ARM.ActiveCfg = Release|iPhone
		{2B652EA2-4C41-46CF-8830-E53CD0A2E9AE}.Release|ARM.Build.0 = Release|iPhone
		{2B652EA2-4C41-46CF-8830-E53CD0A2E9AE}.Release|ARM.Deploy.0 = Release|iPhone
		{2B652EA2-4C41-46CF-8830-E53CD0A2E9AE}.Release|iPhone.ActiveCfg = Release|iPhone
		{2B652EA2-4C41-46CF-8830-E53CD0A2E9AE}.Release|iPhone.Build.0 = Release|iPhone
		{2B652EA2-4C41-46CF-8830-E53CD0A2E9AE}.Release|iPhone.Deploy.0 = Release|iPhone
		{2B652EA2-4C41-46CF-8830-E53CD0A2E9AE}.Release|iPhoneSimulator.ActiveCfg = Release|iPhoneSimulator
		{2B652EA2-4C41-46CF-8830-E53CD0A2E9AE}.Release|iPhoneSimulator.Build.0 = Release|iPhoneSimulator
		{2B652EA2-4C41-46CF-8830-E53CD0A2E9AE}.Release|iPhoneSimulator.Deploy.0 = Release|iPhoneSimulator
		{2B652EA2-4C41-46CF-8830-E53CD0A2E9AE}.Release|x64.ActiveCfg = Release|iPhone
		{2B652EA2-4C41-46CF-8830-E53CD0A2E9AE}.Release|x64.Build.0 = Release|iPhone
		{2B652EA2-4C41-46CF-8830-E53CD0A2E9AE}.Release|x64.Deploy.0 = Release|iPhone
		{2B652EA2-4C41-46CF-8830-E53CD0A2E9AE}.Release|x86.ActiveCfg = Release|iPhone
		{2B652EA2-4C41-46CF-8830-E53CD0A2E9AE}.Release|x86.Build.0 = Release|iPhone
		{2B652EA2-4C41-46CF-8830-E53CD0A2E9AE}.Release|x86.Deploy.0 = Release|iPhone
		{3500042E-50D9-4EDC-AA4A-F809957A7108}.Ad-Hoc|Any CPU.ActiveCfg = Release|x86
		{3500042E-50D9-4EDC-AA4A-F809957A7108}.Ad-Hoc|Any CPU.Build.0 = Release|x86
		{3500042E-50D9-4EDC-AA4A-F809957A7108}.Ad-Hoc|Any CPU.Deploy.0 = Release|x86
		{3500042E-50D9-4EDC-AA4A-F809957A7108}.Ad-Hoc|ARM.ActiveCfg = Release|ARM
		{3500042E-50D9-4EDC-AA4A-F809957A7108}.Ad-Hoc|ARM.Build.0 = Release|ARM
		{3500042E-50D9-4EDC-AA4A-F809957A7108}.Ad-Hoc|ARM.Deploy.0 = Release|ARM
		{3500042E-50D9-4EDC-AA4A-F809957A7108}.Ad-Hoc|iPhone.ActiveCfg = Release|x86
		{3500042E-50D9-4EDC-AA4A-F809957A7108}.Ad-Hoc|iPhone.Build.0 = Release|x86
		{3500042E-50D9-4EDC-AA4A-F809957A7108}.Ad-Hoc|iPhone.Deploy.0 = Release|x86
		{3500042E-50D9-4EDC-AA4A-F809957A7108}.Ad-Hoc|iPhoneSimulator.ActiveCfg = Release|x86
		{3500042E-50D9-4EDC-AA4A-F809957A7108}.Ad-Hoc|iPhoneSimulator.Build.0 = Release|x86
		{3500042E-50D9-4EDC-AA4A-F809957A7108}.Ad-Hoc|iPhoneSimulator.Deploy.0 = Release|x86
		{3500042E-50D9-4EDC-AA4A-F809957A7108}.Ad-Hoc|x64.ActiveCfg = Release|x64
		{3500042E-50D9-4EDC-AA4A-F809957A7108}.Ad-Hoc|x64.Build.0 = Release|x64
		{3500042E-50D9-4EDC-AA4A-F809957A7108}.Ad-Hoc|x64.Deploy.0 = Release|x64
		{3500042E-50D9-4EDC-AA4A-F809957A7108}.Ad-Hoc|x86.ActiveCfg = Release|x86
		{3500042E-50D9-4EDC-AA4A-F809957A7108}.Ad-Hoc|x86.Build.0 = Release|x86
		{3500042E-50D9-4EDC-AA4A-F809957A7108}.Ad-Hoc|x86.Deploy.0 = Release|x86
		{3500042E-50D9-4EDC-AA4A-F809957A7108}.AppStore|Any CPU.ActiveCfg = Release|x86
		{3500042E-50D9-4EDC-AA4A-F809957A7108}.AppStore|Any CPU.Build.0 = Release|x86
		{3500042E-50D9-4EDC-AA4A-F809957A7108}.AppStore|Any CPU.Deploy.0 = Release|x86
		{3500042E-50D9-4EDC-AA4A-F809957A7108}.AppStore|ARM.ActiveCfg = Release|ARM
		{3500042E-50D9-4EDC-AA4A-F809957A7108}.AppStore|ARM.Build.0 = Release|ARM
		{3500042E-50D9-4EDC-AA4A-F809957A7108}.AppStore|ARM.Deploy.0 = Release|ARM
		{3500042E-50D9-4EDC-AA4A-F809957A7108}.AppStore|iPhone.ActiveCfg = Release|x86
		{3500042E-50D9-4EDC-AA4A-F809957A7108}.AppStore|iPhone.Build.0 = Release|x86
		{3500042E-50D9-4EDC-AA4A-F809957A7108}.AppStore|iPhone.Deploy.0 = Release|x86
		{3500042E-50D9-4EDC-AA4A-F809957A7108}.AppStore|iPhoneSimulator.ActiveCfg = Release|x86
		{3500042E-50D9-4EDC-AA4A-F809957A7108}.AppStore|iPhoneSimulator.Build.0 = Release|x86
		{3500042E-50D9-4EDC-AA4A-F809957A7108}.AppStore|iPhoneSimulator.Deploy.0 = Release|x86
		{3500042E-50D9-4EDC-AA4A-F809957A7108}.AppStore|x64.ActiveCfg = Release|x64
		{3500042E-50D9-4EDC-AA4A-F809957A7108}.AppStore|x64.Build.0 = Release|x64
		{3500042E-50D9-4EDC-AA4A-F809957A7108}.AppStore|x64.Deploy.0 = Release|x64
		{3500042E-50D9-4EDC-AA4A-F809957A7108}.AppStore|x86.ActiveCfg = Release|x86
		{3500042E-50D9-4EDC-AA4A-F809957A7108}.AppStore|x86.Build.0 = Release|x86
		{3500042E-50D9-4EDC-AA4A-F809957A7108}.AppStore|x86.Deploy.0 = Release|x86
		{3500042E-50D9-4EDC-AA4A-F809957A7108}.Debug|Any CPU.ActiveCfg = Debug|x86
		{3500042E-50D9-4EDC-AA4A-F809957A7108}.Debug|Any CPU.Build.0 = Debug|x86
		{3500042E-50D9-4EDC-AA4A-F809957A7108}.Debug|Any CPU.Deploy.0 = Debug|x86
		{3500042E-50D9-4EDC-AA4A-F809957A7108}.Debug|ARM.ActiveCfg = Debug|ARM
		{3500042E-50D9-4EDC-AA4A-F809957A7108}.Debug|ARM.Build.0 = Debug|ARM
		{3500042E-50D9-4EDC-AA4A-F809957A7108}.Debug|ARM.Deploy.0 = Debug|ARM
		{3500042E-50D9-4EDC-AA4A-F809957A7108}.Debug|iPhone.ActiveCfg = Debug|x86
		{3500042E-50D9-4EDC-AA4A-F809957A7108}.Debug|iPhone.Build.0 = Debug|x86
		{3500042E-50D9-4EDC-AA4A-F809957A7108}.Debug|iPhone.Deploy.0 = Debug|x86
		{3500042E-50D9-4EDC-AA4A-F809957A7108}.Debug|iPhoneSimulator.ActiveCfg = Debug|x86
		{3500042E-50D9-4EDC-AA4A-F809957A7108}.Debug|iPhoneSimulator.Build.0 = Debug|x86
		{3500042E-50D9-4EDC-AA4A-F809957A7108}.Debug|iPhoneSimulator.Deploy.0 = Debug|x86
		{3500042E-50D9-4EDC-AA4A-F809957A7108}.Debug|x64.ActiveCfg = Debug|x64
		{3500042E-50D9-4EDC-AA4A-F809957A7108}.Debug|x64.Build.0 = Debug|x64
		{3500042E-50D9-4EDC-AA4A-F809957A7108}.Debug|x64.Deploy.0 = Debug|x64
		{3500042E-50D9-4EDC-AA4A-F809957A7108}.Debug|x86.ActiveCfg = Debug|x86
		{3500042E-50D9-4EDC-AA4A-F809957A7108}.Debug|x86.Build.0 = Debug|x86
		{3500042E-50D9-4EDC-AA4A-F809957A7108}.Debug|x86.Deploy.0 = Debug|x86
		{3500042E-50D9-4EDC-AA4A-F809957A7108}.Release|Any CPU.ActiveCfg = Release|x86
		{3500042E-50D9-4EDC-AA4A-F809957A7108}.Release|Any CPU.Build.0 = Release|x86
		{3500042E-50D9-4EDC-AA4A-F809957A7108}.Release|Any CPU.Deploy.0 = Release|x86
		{3500042E-50D9-4EDC-AA4A-F809957A7108}.Release|ARM.ActiveCfg = Release|ARM
		{3500042E-50D9-4EDC-AA4A-F809957A7108}.Release|ARM.Build.0 = Release|ARM
		{3500042E-50D9-4EDC-AA4A-F809957A7108}.Release|ARM.Deploy.0 = Release|ARM
		{3500042E-50D9-4EDC-AA4A-F809957A7108}.Release|iPhone.ActiveCfg = Release|x86
		{3500042E-50D9-4EDC-AA4A-F809957A7108}.Release|iPhone.Build.0 = Release|x86
		{3500042E-50D9-4EDC-AA4A-F809957A7108}.Release|iPhone.Deploy.0 = Release|x86
		{3500042E-50D9-4EDC-AA4A-F809957A7108}.Release|iPhoneSimulator.ActiveCfg = Release|x86
		{3500042E-50D9-4EDC-AA4A-F809957A7108}.Release|iPhoneSimulator.Build.0 = Release|x86
		{3500042E-50D9-4EDC-AA4A-F809957A7108}.Release|iPhoneSimulator.Deploy.0 = Release|x86
		{3500042E-50D9-4EDC-AA4A-F809957A7108}.Release|x64.ActiveCfg = Release|x64
		{3500042E-50D9-4EDC-AA4A-F809957A7108}.Release|x64.Build.0 = Release|x64
		{3500042E-50D9-4EDC-AA4A-F809957A7108}.Release|x64.Deploy.0 = Release|x64
		{3500042E-50D9-4EDC-AA4A-F809957A7108}.Release|x86.ActiveCfg = Release|x86
		{3500042E-50D9-4EDC-AA4A-F809957A7108}.Release|x86.Build.0 = Release|x86
		{3500042E-50D9-4EDC-AA4A-F809957A7108}.Release|x86.Deploy.0 = Release|x86
		{733A9D65-1F81-4F57-A6FE-D3C2C46768D1}.Ad-Hoc|Any CPU.ActiveCfg = Debug|Any CPU
		{733A9D65-1F81-4F57-A6FE-D3C2C46768D1}.Ad-Hoc|Any CPU.Build.0 = Debug|Any CPU
		{733A9D65-1F81-4F57-A6FE-D3C2C46768D1}.Ad-Hoc|Any CPU.Deploy.0 = Debug|Any CPU
		{733A9D65-1F81-4F57-A6FE-D3C2C46768D1}.Ad-Hoc|ARM.ActiveCfg = Debug|Any CPU
		{733A9D65-1F81-4F57-A6FE-D3C2C46768D1}.Ad-Hoc|ARM.Build.0 = Debug|Any CPU
		{733A9D65-1F81-4F57-A6FE-D3C2C46768D1}.Ad-Hoc|ARM.Deploy.0 = Debug|Any CPU
		{733A9D65-1F81-4F57-A6FE-D3C2C46768D1}.Ad-Hoc|iPhone.ActiveCfg = Debug|Any CPU
		{733A9D65-1F81-4F57-A6FE-D3C2C46768D1}.Ad-Hoc|iPhone.Build.0 = Debug|Any CPU
		{733A9D65-1F81-4F57-A6FE-D3C2C46768D1}.Ad-Hoc|iPhone.Deploy.0 = Debug|Any CPU
		{733A9D65-1F81-4F57-A6FE-D3C2C46768D1}.Ad-Hoc|iPhoneSimulator.ActiveCfg = Debug|Any CPU
		{733A9D65-1F81-4F57-A6FE-D3C2C46768D1}.Ad-Hoc|iPhoneSimulator.Build.0 = Debug|Any CPU
		{733A9D65-1F81-4F57-A6FE-D3C2C46768D1}.Ad-Hoc|iPhoneSimulator.Deploy.0 = Debug|Any CPU
		{733A9D65-1F81-4F57-A6FE-D3C2C46768D1}.Ad-Hoc|x64.ActiveCfg = Debug|Any CPU
		{733A9D65-1F81-4F57-A6FE-D3C2C46768D1}.Ad-Hoc|x64.Build.0 = Debug|Any CPU
		{733A9D65-1F81-4F57-A6FE-D3C2C46768D1}.Ad-Hoc|x64.Deploy.0 = Debug|Any CPU
		{733A9D65-1F81-4F57-A6FE-D3C2C46768D1}.Ad-Hoc|x86.ActiveCfg = Debug|Any CPU
		{733A9D65-1F81-4F57-A6FE-D3C2C46768D1}.Ad-Hoc|x86.Build.0 = Debug|Any CPU
		{733A9D65-1F81-4F57-A6FE-D3C2C46768D1}.Ad-Hoc|x86.Deploy.0 = Debug|Any CPU
		{733A9D65-1F81-4F57-A6FE-D3C2C46768D1}.AppStore|Any CPU.ActiveCfg = Debug|Any CPU
		{733A9D65-1F81-4F57-A6FE-D3C2C46768D1}.AppStore|Any CPU.Build.0 = Debug|Any CPU
		{733A9D65-1F81-4F57-A6FE-D3C2C46768D1}.AppStore|Any CPU.Deploy.0 = Debug|Any CPU
		{733A9D65-1F81-4F57-A6FE-D3C2C46768D1}.AppStore|ARM.ActiveCfg = Debug|Any CPU
		{733A9D65-1F81-4F57-A6FE-D3C2C46768D1}.AppStore|ARM.Build.0 = Debug|Any CPU
		{733A9D65-1F81-4F57-A6FE-D3C2C46768D1}.AppStore|ARM.Deploy.0 = Debug|Any CPU
		{733A9D65-1F81-4F57-A6FE-D3C2C46768D1}.AppStore|iPhone.ActiveCfg = Debug|Any CPU
		{733A9D65-1F81-4F57-A6FE-D3C2C46768D1}.AppStore|iPhone.Build.0 = Debug|Any CPU
		{733A9D65-1F81-4F57-A6FE-D3C2C46768D1}.AppStore|iPhone.Deploy.0 = Debug|Any CPU
		{733A9D65-1F81-4F57-A6FE-D3C2C46768D1}.AppStore|iPhoneSimulator.ActiveCfg = Debug|Any CPU
		{733A9D65-1F81-4F57-A6FE-D3C2C46768D1}.AppStore|iPhoneSimulator.Build.0 = Debug|Any CPU
		{733A9D65-1F81-4F57-A6FE-D3C2C46768D1}.AppStore|iPhoneSimulator.Deploy.0 = Debug|Any CPU
		{733A9D65-1F81-4F57-A6FE-D3C2C46768D1}.AppStore|x64.ActiveCfg = Debug|Any CPU
		{733A9D65-1F81-4F57-A6FE-D3C2C46768D1}.AppStore|x64.Build.0 = Debug|Any CPU
		{733A9D65-1F81-4F57-A6FE-D3C2C46768D1}.AppStore|x64.Deploy.0 = Debug|Any CPU
		{733A9D65-1F81-4F57-A6FE-D3C2C46768D1}.AppStore|x86.ActiveCfg = Debug|Any CPU
		{733A9D65-1F81-4F57-A6FE-D3C2C46768D1}.AppStore|x86.Build.0 = Debug|Any CPU
		{733A9D65-1F81-4F57-A6FE-D3C2C46768D1}.AppStore|x86.Deploy.0 = Debug|Any CPU
		{733A9D65-1F81-4F57-A6FE-D3C2C46768D1}.Debug|Any CPU.ActiveCfg = Debug|Any CPU
		{733A9D65-1F81-4F57-A6FE-D3C2C46768D1}.Debug|Any CPU.Build.0 = Debug|Any CPU
		{733A9D65-1F81-4F57-A6FE-D3C2C46768D1}.Debug|Any CPU.Deploy.0 = Debug|Any CPU
		{733A9D65-1F81-4F57-A6FE-D3C2C46768D1}.Debug|ARM.ActiveCfg = Debug|Any CPU
		{733A9D65-1F81-4F57-A6FE-D3C2C46768D1}.Debug|ARM.Build.0 = Debug|Any CPU
		{733A9D65-1F81-4F57-A6FE-D3C2C46768D1}.Debug|ARM.Deploy.0 = Debug|Any CPU
		{733A9D65-1F81-4F57-A6FE-D3C2C46768D1}.Debug|iPhone.ActiveCfg = Debug|Any CPU
		{733A9D65-1F81-4F57-A6FE-D3C2C46768D1}.Debug|iPhone.Build.0 = Debug|Any CPU
		{733A9D65-1F81-4F57-A6FE-D3C2C46768D1}.Debug|iPhone.Deploy.0 = Debug|Any CPU
		{733A9D65-1F81-4F57-A6FE-D3C2C46768D1}.Debug|iPhoneSimulator.ActiveCfg = Debug|Any CPU
		{733A9D65-1F81-4F57-A6FE-D3C2C46768D1}.Debug|iPhoneSimulator.Build.0 = Debug|Any CPU
		{733A9D65-1F81-4F57-A6FE-D3C2C46768D1}.Debug|iPhoneSimulator.Deploy.0 = Debug|Any CPU
		{733A9D65-1F81-4F57-A6FE-D3C2C46768D1}.Debug|x64.ActiveCfg = Debug|Any CPU
		{733A9D65-1F81-4F57-A6FE-D3C2C46768D1}.Debug|x64.Build.0 = Debug|Any CPU
		{733A9D65-1F81-4F57-A6FE-D3C2C46768D1}.Debug|x64.Deploy.0 = Debug|Any CPU
		{733A9D65-1F81-4F57-A6FE-D3C2C46768D1}.Debug|x86.ActiveCfg = Debug|Any CPU
		{733A9D65-1F81-4F57-A6FE-D3C2C46768D1}.Debug|x86.Build.0 = Debug|Any CPU
		{733A9D65-1F81-4F57-A6FE-D3C2C46768D1}.Debug|x86.Deploy.0 = Debug|Any CPU
		{733A9D65-1F81-4F57-A6FE-D3C2C46768D1}.Release|Any CPU.ActiveCfg = Release|Any CPU
		{733A9D65-1F81-4F57-A6FE-D3C2C46768D1}.Release|Any CPU.Build.0 = Release|Any CPU
		{733A9D65-1F81-4F57-A6FE-D3C2C46768D1}.Release|Any CPU.Deploy.0 = Release|Any CPU
		{733A9D65-1F81-4F57-A6FE-D3C2C46768D1}.Release|ARM.ActiveCfg = Release|Any CPU
		{733A9D65-1F81-4F57-A6FE-D3C2C46768D1}.Release|ARM.Build.0 = Release|Any CPU
		{733A9D65-1F81-4F57-A6FE-D3C2C46768D1}.Release|ARM.Deploy.0 = Release|Any CPU
		{733A9D65-1F81-4F57-A6FE-D3C2C46768D1}.Release|iPhone.ActiveCfg = Release|Any CPU
		{733A9D65-1F81-4F57-A6FE-D3C2C46768D1}.Release|iPhone.Build.0 = Release|Any CPU
		{733A9D65-1F81-4F57-A6FE-D3C2C46768D1}.Release|iPhone.Deploy.0 = Release|Any CPU
		{733A9D65-1F81-4F57-A6FE-D3C2C46768D1}.Release|iPhoneSimulator.ActiveCfg = Release|Any CPU
		{733A9D65-1F81-4F57-A6FE-D3C2C46768D1}.Release|iPhoneSimulator.Build.0 = Release|Any CPU
		{733A9D65-1F81-4F57-A6FE-D3C2C46768D1}.Release|iPhoneSimulator.Deploy.0 = Release|Any CPU
		{733A9D65-1F81-4F57-A6FE-D3C2C46768D1}.Release|x64.ActiveCfg = Release|Any CPU
		{733A9D65-1F81-4F57-A6FE-D3C2C46768D1}.Release|x64.Build.0 = Release|Any CPU
		{733A9D65-1F81-4F57-A6FE-D3C2C46768D1}.Release|x64.Deploy.0 = Release|Any CPU
		{733A9D65-1F81-4F57-A6FE-D3C2C46768D1}.Release|x86.ActiveCfg = Release|Any CPU
		{733A9D65-1F81-4F57-A6FE-D3C2C46768D1}.Release|x86.Build.0 = Release|Any CPU
		{733A9D65-1F81-4F57-A6FE-D3C2C46768D1}.Release|x86.Deploy.0 = Release|Any CPU
		{BB7B1C0E-C53B-4767-B780-89BEECC27E7D}.Ad-Hoc|Any CPU.ActiveCfg = Release|Any CPU
		{BB7B1C0E-C53B-4767-B780-89BEECC27E7D}.Ad-Hoc|Any CPU.Build.0 = Release|Any CPU
		{BB7B1C0E-C53B-4767-B780-89BEECC27E7D}.Ad-Hoc|ARM.ActiveCfg = Release|Any CPU
		{BB7B1C0E-C53B-4767-B780-89BEECC27E7D}.Ad-Hoc|ARM.Build.0 = Release|Any CPU
		{BB7B1C0E-C53B-4767-B780-89BEECC27E7D}.Ad-Hoc|iPhone.ActiveCfg = Release|Any CPU
		{BB7B1C0E-C53B-4767-B780-89BEECC27E7D}.Ad-Hoc|iPhone.Build.0 = Release|Any CPU
		{BB7B1C0E-C53B-4767-B780-89BEECC27E7D}.Ad-Hoc|iPhoneSimulator.ActiveCfg = Release|Any CPU
		{BB7B1C0E-C53B-4767-B780-89BEECC27E7D}.Ad-Hoc|iPhoneSimulator.Build.0 = Release|Any CPU
		{BB7B1C0E-C53B-4767-B780-89BEECC27E7D}.Ad-Hoc|x64.ActiveCfg = Release|Any CPU
		{BB7B1C0E-C53B-4767-B780-89BEECC27E7D}.Ad-Hoc|x64.Build.0 = Release|Any CPU
		{BB7B1C0E-C53B-4767-B780-89BEECC27E7D}.Ad-Hoc|x86.ActiveCfg = Release|Any CPU
		{BB7B1C0E-C53B-4767-B780-89BEECC27E7D}.Ad-Hoc|x86.Build.0 = Release|Any CPU
		{BB7B1C0E-C53B-4767-B780-89BEECC27E7D}.AppStore|Any CPU.ActiveCfg = Release|Any CPU
		{BB7B1C0E-C53B-4767-B780-89BEECC27E7D}.AppStore|Any CPU.Build.0 = Release|Any CPU
		{BB7B1C0E-C53B-4767-B780-89BEECC27E7D}.AppStore|ARM.ActiveCfg = Release|Any CPU
		{BB7B1C0E-C53B-4767-B780-89BEECC27E7D}.AppStore|ARM.Build.0 = Release|Any CPU
		{BB7B1C0E-C53B-4767-B780-89BEECC27E7D}.AppStore|iPhone.ActiveCfg = Release|Any CPU
		{BB7B1C0E-C53B-4767-B780-89BEECC27E7D}.AppStore|iPhone.Build.0 = Release|Any CPU
		{BB7B1C0E-C53B-4767-B780-89BEECC27E7D}.AppStore|iPhoneSimulator.ActiveCfg = Release|Any CPU
		{BB7B1C0E-C53B-4767-B780-89BEECC27E7D}.AppStore|iPhoneSimulator.Build.0 = Release|Any CPU
		{BB7B1C0E-C53B-4767-B780-89BEECC27E7D}.AppStore|x64.ActiveCfg = Release|Any CPU
		{BB7B1C0E-C53B-4767-B780-89BEECC27E7D}.AppStore|x64.Build.0 = Release|Any CPU
		{BB7B1C0E-C53B-4767-B780-89BEECC27E7D}.AppStore|x86.ActiveCfg = Release|Any CPU
		{BB7B1C0E-C53B-4767-B780-89BEECC27E7D}.AppStore|x86.Build.0 = Release|Any CPU
		{BB7B1C0E-C53B-4767-B780-89BEECC27E7D}.Debug|Any CPU.ActiveCfg = Debug|Any CPU
		{BB7B1C0E-C53B-4767-B780-89BEECC27E7D}.Debug|Any CPU.Build.0 = Debug|Any CPU
		{BB7B1C0E-C53B-4767-B780-89BEECC27E7D}.Debug|ARM.ActiveCfg = Debug|Any CPU
		{BB7B1C0E-C53B-4767-B780-89BEECC27E7D}.Debug|ARM.Build.0 = Debug|Any CPU
		{BB7B1C0E-C53B-4767-B780-89BEECC27E7D}.Debug|iPhone.ActiveCfg = Debug|Any CPU
		{BB7B1C0E-C53B-4767-B780-89BEECC27E7D}.Debug|iPhone.Build.0 = Debug|Any CPU
		{BB7B1C0E-C53B-4767-B780-89BEECC27E7D}.Debug|iPhoneSimulator.ActiveCfg = Debug|Any CPU
		{BB7B1C0E-C53B-4767-B780-89BEECC27E7D}.Debug|iPhoneSimulator.Build.0 = Debug|Any CPU
		{BB7B1C0E-C53B-4767-B780-89BEECC27E7D}.Debug|x64.ActiveCfg = Debug|Any CPU
		{BB7B1C0E-C53B-4767-B780-89BEECC27E7D}.Debug|x64.Build.0 = Debug|Any CPU
		{BB7B1C0E-C53B-4767-B780-89BEECC27E7D}.Debug|x86.ActiveCfg = Debug|Any CPU
		{BB7B1C0E-C53B-4767-B780-89BEECC27E7D}.Debug|x86.Build.0 = Debug|Any CPU
		{BB7B1C0E-C53B-4767-B780-89BEECC27E7D}.Release|Any CPU.ActiveCfg = Release|Any CPU
		{BB7B1C0E-C53B-4767-B780-89BEECC27E7D}.Release|Any CPU.Build.0 = Release|Any CPU
		{BB7B1C0E-C53B-4767-B780-89BEECC27E7D}.Release|ARM.ActiveCfg = Release|Any CPU
		{BB7B1C0E-C53B-4767-B780-89BEECC27E7D}.Release|ARM.Build.0 = Release|Any CPU
		{BB7B1C0E-C53B-4767-B780-89BEECC27E7D}.Release|iPhone.ActiveCfg = Release|Any CPU
		{BB7B1C0E-C53B-4767-B780-89BEECC27E7D}.Release|iPhone.Build.0 = Release|Any CPU
		{BB7B1C0E-C53B-4767-B780-89BEECC27E7D}.Release|iPhoneSimulator.ActiveCfg = Release|Any CPU
		{BB7B1C0E-C53B-4767-B780-89BEECC27E7D}.Release|iPhoneSimulator.Build.0 = Release|Any CPU
		{BB7B1C0E-C53B-4767-B780-89BEECC27E7D}.Release|x64.ActiveCfg = Release|Any CPU
		{BB7B1C0E-C53B-4767-B780-89BEECC27E7D}.Release|x64.Build.0 = Release|Any CPU
		{BB7B1C0E-C53B-4767-B780-89BEECC27E7D}.Release|x86.ActiveCfg = Release|Any CPU
		{BB7B1C0E-C53B-4767-B780-89BEECC27E7D}.Release|x86.Build.0 = Release|Any CPU
		{1749442C-2444-45F5-8D1F-B1F41E20EED5}.Ad-Hoc|Any CPU.ActiveCfg = Release|Any CPU
		{1749442C-2444-45F5-8D1F-B1F41E20EED5}.Ad-Hoc|Any CPU.Build.0 = Release|Any CPU
		{1749442C-2444-45F5-8D1F-B1F41E20EED5}.Ad-Hoc|ARM.ActiveCfg = Release|Any CPU
		{1749442C-2444-45F5-8D1F-B1F41E20EED5}.Ad-Hoc|ARM.Build.0 = Release|Any CPU
		{1749442C-2444-45F5-8D1F-B1F41E20EED5}.Ad-Hoc|iPhone.ActiveCfg = Release|Any CPU
		{1749442C-2444-45F5-8D1F-B1F41E20EED5}.Ad-Hoc|iPhone.Build.0 = Release|Any CPU
		{1749442C-2444-45F5-8D1F-B1F41E20EED5}.Ad-Hoc|iPhoneSimulator.ActiveCfg = Release|Any CPU
		{1749442C-2444-45F5-8D1F-B1F41E20EED5}.Ad-Hoc|iPhoneSimulator.Build.0 = Release|Any CPU
		{1749442C-2444-45F5-8D1F-B1F41E20EED5}.Ad-Hoc|x64.ActiveCfg = Release|Any CPU
		{1749442C-2444-45F5-8D1F-B1F41E20EED5}.Ad-Hoc|x64.Build.0 = Release|Any CPU
		{1749442C-2444-45F5-8D1F-B1F41E20EED5}.Ad-Hoc|x86.ActiveCfg = Release|Any CPU
		{1749442C-2444-45F5-8D1F-B1F41E20EED5}.Ad-Hoc|x86.Build.0 = Release|Any CPU
		{1749442C-2444-45F5-8D1F-B1F41E20EED5}.AppStore|Any CPU.ActiveCfg = Release|Any CPU
		{1749442C-2444-45F5-8D1F-B1F41E20EED5}.AppStore|Any CPU.Build.0 = Release|Any CPU
		{1749442C-2444-45F5-8D1F-B1F41E20EED5}.AppStore|ARM.ActiveCfg = Release|Any CPU
		{1749442C-2444-45F5-8D1F-B1F41E20EED5}.AppStore|ARM.Build.0 = Release|Any CPU
		{1749442C-2444-45F5-8D1F-B1F41E20EED5}.AppStore|iPhone.ActiveCfg = Release|Any CPU
		{1749442C-2444-45F5-8D1F-B1F41E20EED5}.AppStore|iPhone.Build.0 = Release|Any CPU
		{1749442C-2444-45F5-8D1F-B1F41E20EED5}.AppStore|iPhoneSimulator.ActiveCfg = Release|Any CPU
		{1749442C-2444-45F5-8D1F-B1F41E20EED5}.AppStore|iPhoneSimulator.Build.0 = Release|Any CPU
		{1749442C-2444-45F5-8D1F-B1F41E20EED5}.AppStore|x64.ActiveCfg = Release|Any CPU
		{1749442C-2444-45F5-8D1F-B1F41E20EED5}.AppStore|x64.Build.0 = Release|Any CPU
		{1749442C-2444-45F5-8D1F-B1F41E20EED5}.AppStore|x86.ActiveCfg = Release|Any CPU
		{1749442C-2444-45F5-8D1F-B1F41E20EED5}.AppStore|x86.Build.0 = Release|Any CPU
		{1749442C-2444-45F5-8D1F-B1F41E20EED5}.Debug|Any CPU.ActiveCfg = Debug|Any CPU
		{1749442C-2444-45F5-8D1F-B1F41E20EED5}.Debug|Any CPU.Build.0 = Debug|Any CPU
		{1749442C-2444-45F5-8D1F-B1F41E20EED5}.Debug|ARM.ActiveCfg = Debug|Any CPU
		{1749442C-2444-45F5-8D1F-B1F41E20EED5}.Debug|ARM.Build.0 = Debug|Any CPU
		{1749442C-2444-45F5-8D1F-B1F41E20EED5}.Debug|iPhone.ActiveCfg = Debug|Any CPU
		{1749442C-2444-45F5-8D1F-B1F41E20EED5}.Debug|iPhone.Build.0 = Debug|Any CPU
		{1749442C-2444-45F5-8D1F-B1F41E20EED5}.Debug|iPhoneSimulator.ActiveCfg = Debug|Any CPU
		{1749442C-2444-45F5-8D1F-B1F41E20EED5}.Debug|iPhoneSimulator.Build.0 = Debug|Any CPU
		{1749442C-2444-45F5-8D1F-B1F41E20EED5}.Debug|x64.ActiveCfg = Debug|Any CPU
		{1749442C-2444-45F5-8D1F-B1F41E20EED5}.Debug|x64.Build.0 = Debug|Any CPU
		{1749442C-2444-45F5-8D1F-B1F41E20EED5}.Debug|x86.ActiveCfg = Debug|Any CPU
		{1749442C-2444-45F5-8D1F-B1F41E20EED5}.Debug|x86.Build.0 = Debug|Any CPU
		{1749442C-2444-45F5-8D1F-B1F41E20EED5}.Release|Any CPU.ActiveCfg = Release|Any CPU
		{1749442C-2444-45F5-8D1F-B1F41E20EED5}.Release|Any CPU.Build.0 = Release|Any CPU
		{1749442C-2444-45F5-8D1F-B1F41E20EED5}.Release|ARM.ActiveCfg = Release|Any CPU
		{1749442C-2444-45F5-8D1F-B1F41E20EED5}.Release|ARM.Build.0 = Release|Any CPU
		{1749442C-2444-45F5-8D1F-B1F41E20EED5}.Release|iPhone.ActiveCfg = Release|Any CPU
		{1749442C-2444-45F5-8D1F-B1F41E20EED5}.Release|iPhone.Build.0 = Release|Any CPU
		{1749442C-2444-45F5-8D1F-B1F41E20EED5}.Release|iPhoneSimulator.ActiveCfg = Release|Any CPU
		{1749442C-2444-45F5-8D1F-B1F41E20EED5}.Release|iPhoneSimulator.Build.0 = Release|Any CPU
		{1749442C-2444-45F5-8D1F-B1F41E20EED5}.Release|x64.ActiveCfg = Release|Any CPU
		{1749442C-2444-45F5-8D1F-B1F41E20EED5}.Release|x64.Build.0 = Release|Any CPU
		{1749442C-2444-45F5-8D1F-B1F41E20EED5}.Release|x86.ActiveCfg = Release|Any CPU
		{1749442C-2444-45F5-8D1F-B1F41E20EED5}.Release|x86.Build.0 = Release|Any CPU
		{26221EC0-3BE6-450E-ABE7-A814F131D8FD}.Ad-Hoc|Any CPU.ActiveCfg = Release|Any CPU
		{26221EC0-3BE6-450E-ABE7-A814F131D8FD}.Ad-Hoc|Any CPU.Build.0 = Release|Any CPU
		{26221EC0-3BE6-450E-ABE7-A814F131D8FD}.Ad-Hoc|ARM.ActiveCfg = Release|Any CPU
		{26221EC0-3BE6-450E-ABE7-A814F131D8FD}.Ad-Hoc|ARM.Build.0 = Release|Any CPU
		{26221EC0-3BE6-450E-ABE7-A814F131D8FD}.Ad-Hoc|iPhone.ActiveCfg = Release|Any CPU
		{26221EC0-3BE6-450E-ABE7-A814F131D8FD}.Ad-Hoc|iPhone.Build.0 = Release|Any CPU
		{26221EC0-3BE6-450E-ABE7-A814F131D8FD}.Ad-Hoc|iPhoneSimulator.ActiveCfg = Release|Any CPU
		{26221EC0-3BE6-450E-ABE7-A814F131D8FD}.Ad-Hoc|iPhoneSimulator.Build.0 = Release|Any CPU
		{26221EC0-3BE6-450E-ABE7-A814F131D8FD}.Ad-Hoc|x64.ActiveCfg = Release|Any CPU
		{26221EC0-3BE6-450E-ABE7-A814F131D8FD}.Ad-Hoc|x64.Build.0 = Release|Any CPU
		{26221EC0-3BE6-450E-ABE7-A814F131D8FD}.Ad-Hoc|x86.ActiveCfg = Release|Any CPU
		{26221EC0-3BE6-450E-ABE7-A814F131D8FD}.Ad-Hoc|x86.Build.0 = Release|Any CPU
		{26221EC0-3BE6-450E-ABE7-A814F131D8FD}.AppStore|Any CPU.ActiveCfg = Release|Any CPU
		{26221EC0-3BE6-450E-ABE7-A814F131D8FD}.AppStore|Any CPU.Build.0 = Release|Any CPU
		{26221EC0-3BE6-450E-ABE7-A814F131D8FD}.AppStore|ARM.ActiveCfg = Release|Any CPU
		{26221EC0-3BE6-450E-ABE7-A814F131D8FD}.AppStore|ARM.Build.0 = Release|Any CPU
		{26221EC0-3BE6-450E-ABE7-A814F131D8FD}.AppStore|iPhone.ActiveCfg = Release|Any CPU
		{26221EC0-3BE6-450E-ABE7-A814F131D8FD}.AppStore|iPhone.Build.0 = Release|Any CPU
		{26221EC0-3BE6-450E-ABE7-A814F131D8FD}.AppStore|iPhoneSimulator.ActiveCfg = Release|Any CPU
		{26221EC0-3BE6-450E-ABE7-A814F131D8FD}.AppStore|iPhoneSimulator.Build.0 = Release|Any CPU
		{26221EC0-3BE6-450E-ABE7-A814F131D8FD}.AppStore|x64.ActiveCfg = Release|Any CPU
		{26221EC0-3BE6-450E-ABE7-A814F131D8FD}.AppStore|x64.Build.0 = Release|Any CPU
		{26221EC0-3BE6-450E-ABE7-A814F131D8FD}.AppStore|x86.ActiveCfg = Release|Any CPU
		{26221EC0-3BE6-450E-ABE7-A814F131D8FD}.AppStore|x86.Build.0 = Release|Any CPU
		{26221EC0-3BE6-450E-ABE7-A814F131D8FD}.Debug|Any CPU.ActiveCfg = Debug|Any CPU
		{26221EC0-3BE6-450E-ABE7-A814F131D8FD}.Debug|Any CPU.Build.0 = Debug|Any CPU
		{26221EC0-3BE6-450E-ABE7-A814F131D8FD}.Debug|ARM.ActiveCfg = Debug|Any CPU
		{26221EC0-3BE6-450E-ABE7-A814F131D8FD}.Debug|ARM.Build.0 = Debug|Any CPU
		{26221EC0-3BE6-450E-ABE7-A814F131D8FD}.Debug|iPhone.ActiveCfg = Debug|Any CPU
		{26221EC0-3BE6-450E-ABE7-A814F131D8FD}.Debug|iPhone.Build.0 = Debug|Any CPU
		{26221EC0-3BE6-450E-ABE7-A814F131D8FD}.Debug|iPhoneSimulator.ActiveCfg = Debug|Any CPU
		{26221EC0-3BE6-450E-ABE7-A814F131D8FD}.Debug|iPhoneSimulator.Build.0 = Debug|Any CPU
		{26221EC0-3BE6-450E-ABE7-A814F131D8FD}.Debug|x64.ActiveCfg = Debug|Any CPU
		{26221EC0-3BE6-450E-ABE7-A814F131D8FD}.Debug|x64.Build.0 = Debug|Any CPU
		{26221EC0-3BE6-450E-ABE7-A814F131D8FD}.Debug|x86.ActiveCfg = Debug|Any CPU
		{26221EC0-3BE6-450E-ABE7-A814F131D8FD}.Debug|x86.Build.0 = Debug|Any CPU
		{26221EC0-3BE6-450E-ABE7-A814F131D8FD}.Release|Any CPU.ActiveCfg = Release|Any CPU
		{26221EC0-3BE6-450E-ABE7-A814F131D8FD}.Release|Any CPU.Build.0 = Release|Any CPU
		{26221EC0-3BE6-450E-ABE7-A814F131D8FD}.Release|ARM.ActiveCfg = Release|Any CPU
		{26221EC0-3BE6-450E-ABE7-A814F131D8FD}.Release|ARM.Build.0 = Release|Any CPU
		{26221EC0-3BE6-450E-ABE7-A814F131D8FD}.Release|iPhone.ActiveCfg = Release|Any CPU
		{26221EC0-3BE6-450E-ABE7-A814F131D8FD}.Release|iPhone.Build.0 = Release|Any CPU
		{26221EC0-3BE6-450E-ABE7-A814F131D8FD}.Release|iPhoneSimulator.ActiveCfg = Release|Any CPU
		{26221EC0-3BE6-450E-ABE7-A814F131D8FD}.Release|iPhoneSimulator.Build.0 = Release|Any CPU
		{26221EC0-3BE6-450E-ABE7-A814F131D8FD}.Release|x64.ActiveCfg = Release|Any CPU
		{26221EC0-3BE6-450E-ABE7-A814F131D8FD}.Release|x64.Build.0 = Release|Any CPU
		{26221EC0-3BE6-450E-ABE7-A814F131D8FD}.Release|x86.ActiveCfg = Release|Any CPU
		{26221EC0-3BE6-450E-ABE7-A814F131D8FD}.Release|x86.Build.0 = Release|Any CPU
		{1519D7FD-1D62-4962-8D10-FBF55A12D262}.Ad-Hoc|Any CPU.ActiveCfg = Release|Any CPU
		{1519D7FD-1D62-4962-8D10-FBF55A12D262}.Ad-Hoc|Any CPU.Build.0 = Release|Any CPU
		{1519D7FD-1D62-4962-8D10-FBF55A12D262}.Ad-Hoc|ARM.ActiveCfg = Release|Any CPU
		{1519D7FD-1D62-4962-8D10-FBF55A12D262}.Ad-Hoc|ARM.Build.0 = Release|Any CPU
		{1519D7FD-1D62-4962-8D10-FBF55A12D262}.Ad-Hoc|iPhone.ActiveCfg = Release|Any CPU
		{1519D7FD-1D62-4962-8D10-FBF55A12D262}.Ad-Hoc|iPhone.Build.0 = Release|Any CPU
		{1519D7FD-1D62-4962-8D10-FBF55A12D262}.Ad-Hoc|iPhoneSimulator.ActiveCfg = Release|Any CPU
		{1519D7FD-1D62-4962-8D10-FBF55A12D262}.Ad-Hoc|iPhoneSimulator.Build.0 = Release|Any CPU
		{1519D7FD-1D62-4962-8D10-FBF55A12D262}.Ad-Hoc|x64.ActiveCfg = Release|Any CPU
		{1519D7FD-1D62-4962-8D10-FBF55A12D262}.Ad-Hoc|x64.Build.0 = Release|Any CPU
		{1519D7FD-1D62-4962-8D10-FBF55A12D262}.Ad-Hoc|x86.ActiveCfg = Release|Any CPU
		{1519D7FD-1D62-4962-8D10-FBF55A12D262}.Ad-Hoc|x86.Build.0 = Release|Any CPU
		{1519D7FD-1D62-4962-8D10-FBF55A12D262}.AppStore|Any CPU.ActiveCfg = Release|Any CPU
		{1519D7FD-1D62-4962-8D10-FBF55A12D262}.AppStore|Any CPU.Build.0 = Release|Any CPU
		{1519D7FD-1D62-4962-8D10-FBF55A12D262}.AppStore|ARM.ActiveCfg = Release|Any CPU
		{1519D7FD-1D62-4962-8D10-FBF55A12D262}.AppStore|ARM.Build.0 = Release|Any CPU
		{1519D7FD-1D62-4962-8D10-FBF55A12D262}.AppStore|iPhone.ActiveCfg = Release|Any CPU
		{1519D7FD-1D62-4962-8D10-FBF55A12D262}.AppStore|iPhone.Build.0 = Release|Any CPU
		{1519D7FD-1D62-4962-8D10-FBF55A12D262}.AppStore|iPhoneSimulator.ActiveCfg = Release|Any CPU
		{1519D7FD-1D62-4962-8D10-FBF55A12D262}.AppStore|iPhoneSimulator.Build.0 = Release|Any CPU
		{1519D7FD-1D62-4962-8D10-FBF55A12D262}.AppStore|x64.ActiveCfg = Release|Any CPU
		{1519D7FD-1D62-4962-8D10-FBF55A12D262}.AppStore|x64.Build.0 = Release|Any CPU
		{1519D7FD-1D62-4962-8D10-FBF55A12D262}.AppStore|x86.ActiveCfg = Release|Any CPU
		{1519D7FD-1D62-4962-8D10-FBF55A12D262}.AppStore|x86.Build.0 = Release|Any CPU
		{1519D7FD-1D62-4962-8D10-FBF55A12D262}.Debug|Any CPU.ActiveCfg = Debug|Any CPU
		{1519D7FD-1D62-4962-8D10-FBF55A12D262}.Debug|Any CPU.Build.0 = Debug|Any CPU
		{1519D7FD-1D62-4962-8D10-FBF55A12D262}.Debug|ARM.ActiveCfg = Debug|Any CPU
		{1519D7FD-1D62-4962-8D10-FBF55A12D262}.Debug|ARM.Build.0 = Debug|Any CPU
		{1519D7FD-1D62-4962-8D10-FBF55A12D262}.Debug|iPhone.ActiveCfg = Debug|Any CPU
		{1519D7FD-1D62-4962-8D10-FBF55A12D262}.Debug|iPhone.Build.0 = Debug|Any CPU
		{1519D7FD-1D62-4962-8D10-FBF55A12D262}.Debug|iPhoneSimulator.ActiveCfg = Debug|Any CPU
		{1519D7FD-1D62-4962-8D10-FBF55A12D262}.Debug|iPhoneSimulator.Build.0 = Debug|Any CPU
		{1519D7FD-1D62-4962-8D10-FBF55A12D262}.Debug|x64.ActiveCfg = Debug|Any CPU
		{1519D7FD-1D62-4962-8D10-FBF55A12D262}.Debug|x64.Build.0 = Debug|Any CPU
		{1519D7FD-1D62-4962-8D10-FBF55A12D262}.Debug|x86.ActiveCfg = Debug|Any CPU
		{1519D7FD-1D62-4962-8D10-FBF55A12D262}.Debug|x86.Build.0 = Debug|Any CPU
		{1519D7FD-1D62-4962-8D10-FBF55A12D262}.Release|Any CPU.ActiveCfg = Release|Any CPU
		{1519D7FD-1D62-4962-8D10-FBF55A12D262}.Release|Any CPU.Build.0 = Release|Any CPU
		{1519D7FD-1D62-4962-8D10-FBF55A12D262}.Release|ARM.ActiveCfg = Release|Any CPU
		{1519D7FD-1D62-4962-8D10-FBF55A12D262}.Release|ARM.Build.0 = Release|Any CPU
		{1519D7FD-1D62-4962-8D10-FBF55A12D262}.Release|iPhone.ActiveCfg = Release|Any CPU
		{1519D7FD-1D62-4962-8D10-FBF55A12D262}.Release|iPhone.Build.0 = Release|Any CPU
		{1519D7FD-1D62-4962-8D10-FBF55A12D262}.Release|iPhoneSimulator.ActiveCfg = Release|Any CPU
		{1519D7FD-1D62-4962-8D10-FBF55A12D262}.Release|iPhoneSimulator.Build.0 = Release|Any CPU
		{1519D7FD-1D62-4962-8D10-FBF55A12D262}.Release|x64.ActiveCfg = Release|Any CPU
		{1519D7FD-1D62-4962-8D10-FBF55A12D262}.Release|x64.Build.0 = Release|Any CPU
		{1519D7FD-1D62-4962-8D10-FBF55A12D262}.Release|x86.ActiveCfg = Release|Any CPU
		{1519D7FD-1D62-4962-8D10-FBF55A12D262}.Release|x86.Build.0 = Release|Any CPU
	EndGlobalSection
	GlobalSection(SolutionProperties) = preSolution
		HideSolutionNode = FALSE
	EndGlobalSection
	GlobalSection(ExtensibilityGlobals) = postSolution
		SolutionGuid = {24173AA4-B71E-49E5-A8D9-5FAB31E963D5}
	EndGlobalSection
EndGlobal
